
Microsoft Visual Studio Solution File, Format Version 12.00
# Visual Studio Version 17
VisualStudioVersion = 17.10.35027.167
MinimumVisualStudioVersion = 10.0.40219.1
Project("{2150E333-8FDC-42A3-9474-1A3956D46DE8}") = "src", "src", "{D3CC032B-A122-46A9-962E-D293BFA61409}"
EndProject
Project("{2150E333-8FDC-42A3-9474-1A3956D46DE8}") = "tests", "tests", "{529DA26A-AAC0-40EE-BDC3-4F5D57EF8873}"
EndProject
Project("{9A19103F-16F7-4668-BE54-9A1E7A4F7556}") = "CashFlow3.Api", "src\CashFlow3.Api\CashFlow3.Api.csproj", "{41320116-4007-4D59-8650-C7DFAC2D48A8}"
EndProject
Project("{9A19103F-16F7-4668-BE54-9A1E7A4F7556}") = "CashFlow3.Domain", "src\CashFlow3.Domain\CashFlow3.Domain.csproj", "{3063B432-61C5-4C5B-BC59-B08EC406DC14}"
EndProject
Project("{9A19103F-16F7-4668-BE54-9A1E7A4F7556}") = "CashFlow3.Application", "src\CashFlow3.Application\CashFlow3.Application.csproj", "{68F6F3D9-B48F-44AB-BB4B-ABAD31315A21}"
EndProject
Project("{9A19103F-16F7-4668-BE54-9A1E7A4F7556}") = "CashFlow3.Communication", "src\CashFlow3.Communication\CashFlow3.Communication.csproj", "{5C2A786B-A9BB-460D-A110-7FC329B29BD3}"
EndProject
Project("{9A19103F-16F7-4668-BE54-9A1E7A4F7556}") = "CashFlow3.Exception", "src\CashFlow3.Exception\CashFlow3.Exception.csproj", "{783CFC87-1C43-4161-B65C-759B7684E720}"
EndProject
Project("{9A19103F-16F7-4668-BE54-9A1E7A4F7556}") = "CashFlow3.Infrastructure", "src\CashFlow3.Infrastructure\CashFlow3.Infrastructure.csproj", "{920E66B7-E4AA-424F-B25D-55AF12A9AB19}"
EndProject
Project("{9A19103F-16F7-4668-BE54-9A1E7A4F7556}") = "Validators.Tests", "tests\Validators.Tests\Validators.Tests.csproj", "{C9CE76D3-154D-4A30-A45C-F5AD4D266861}"
EndProject
Project("{9A19103F-16F7-4668-BE54-9A1E7A4F7556}") = "CommonTestUtilities", "tests\CommonTestUtilities\CommonTestUtilities.csproj", "{6E384532-3776-4163-89FC-AB326E15CF29}"
EndProject
Project("{9A19103F-16F7-4668-BE54-9A1E7A4F7556}") = "UseCases.Test", "tests\UseCases.Test\UseCases.Test.csproj", "{86ED93C8-643A-4A79-B922-7387BDD3033E}"
EndProject
Project("{FAE04EC0-301F-11D3-BF4B-00C04F79EFBC}") = "WebApi.Test", "tests\WebApi.Test\WebApi.Test.csproj", "{5E1CF815-F291-4C6D-B8A3-1130A1AE84AD}"
EndProject
Global
	GlobalSection(SolutionConfigurationPlatforms) = preSolution
		Debug|Any CPU = Debug|Any CPU
		Release|Any CPU = Release|Any CPU
	EndGlobalSection
	GlobalSection(ProjectConfigurationPlatforms) = postSolution
		{41320116-4007-4D59-8650-C7DFAC2D48A8}.Debug|Any CPU.ActiveCfg = Debug|Any CPU
		{41320116-4007-4D59-8650-C7DFAC2D48A8}.Debug|Any CPU.Build.0 = Debug|Any CPU
		{41320116-4007-4D59-8650-C7DFAC2D48A8}.Release|Any CPU.ActiveCfg = Release|Any CPU
		{41320116-4007-4D59-8650-C7DFAC2D48A8}.Release|Any CPU.Build.0 = Release|Any CPU
		{3063B432-61C5-4C5B-BC59-B08EC406DC14}.Debug|Any CPU.ActiveCfg = Debug|Any CPU
		{3063B432-61C5-4C5B-BC59-B08EC406DC14}.Debug|Any CPU.Build.0 = Debug|Any CPU
		{3063B432-61C5-4C5B-BC59-B08EC406DC14}.Release|Any CPU.ActiveCfg = Release|Any CPU
		{3063B432-61C5-4C5B-BC59-B08EC406DC14}.Release|Any CPU.Build.0 = Release|Any CPU
		{68F6F3D9-B48F-44AB-BB4B-ABAD31315A21}.Debug|Any CPU.ActiveCfg = Debug|Any CPU
		{68F6F3D9-B48F-44AB-BB4B-ABAD31315A21}.Debug|Any CPU.Build.0 = Debug|Any CPU
		{68F6F3D9-B48F-44AB-BB4B-ABAD31315A21}.Release|Any CPU.ActiveCfg = Release|Any CPU
		{68F6F3D9-B48F-44AB-BB4B-ABAD31315A21}.Release|Any CPU.Build.0 = Release|Any CPU
		{5C2A786B-A9BB-460D-A110-7FC329B29BD3}.Debug|Any CPU.ActiveCfg = Debug|Any CPU
		{5C2A786B-A9BB-460D-A110-7FC329B29BD3}.Debug|Any CPU.Build.0 = Debug|Any CPU
		{5C2A786B-A9BB-460D-A110-7FC329B29BD3}.Release|Any CPU.ActiveCfg = Release|Any CPU
		{5C2A786B-A9BB-460D-A110-7FC329B29BD3}.Release|Any CPU.Build.0 = Release|Any CPU
		{783CFC87-1C43-4161-B65C-759B7684E720}.Debug|Any CPU.ActiveCfg = Debug|Any CPU
		{783CFC87-1C43-4161-B65C-759B7684E720}.Debug|Any CPU.Build.0 = Debug|Any CPU
		{783CFC87-1C43-4161-B65C-759B7684E720}.Release|Any CPU.ActiveCfg = Release|Any CPU
		{783CFC87-1C43-4161-B65C-759B7684E720}.Release|Any CPU.Build.0 = Release|Any CPU
		{920E66B7-E4AA-424F-B25D-55AF12A9AB19}.Debug|Any CPU.ActiveCfg = Debug|Any CPU
		{920E66B7-E4AA-424F-B25D-55AF12A9AB19}.Debug|Any CPU.Build.0 = Debug|Any CPU
		{920E66B7-E4AA-424F-B25D-55AF12A9AB19}.Release|Any CPU.ActiveCfg = Release|Any CPU
		{920E66B7-E4AA-424F-B25D-55AF12A9AB19}.Release|Any CPU.Build.0 = Release|Any CPU
		{C9CE76D3-154D-4A30-A45C-F5AD4D266861}.Debug|Any CPU.ActiveCfg = Debug|Any CPU
		{C9CE76D3-154D-4A30-A45C-F5AD4D266861}.Debug|Any CPU.Build.0 = Debug|Any CPU
		{C9CE76D3-154D-4A30-A45C-F5AD4D266861}.Release|Any CPU.ActiveCfg = Release|Any CPU
		{C9CE76D3-154D-4A30-A45C-F5AD4D266861}.Release|Any CPU.Build.0 = Release|Any CPU
		{6E384532-3776-4163-89FC-AB326E15CF29}.Debug|Any CPU.ActiveCfg = Debug|Any CPU
		{6E384532-3776-4163-89FC-AB326E15CF29}.Debug|Any CPU.Build.0 = Debug|Any CPU
		{6E384532-3776-4163-89FC-AB326E15CF29}.Release|Any CPU.ActiveCfg = Release|Any CPU
		{6E384532-3776-4163-89FC-AB326E15CF29}.Release|Any CPU.Build.0 = Release|Any CPU
		{86ED93C8-643A-4A79-B922-7387BDD3033E}.Debug|Any CPU.ActiveCfg = Debug|Any CPU
		{86ED93C8-643A-4A79-B922-7387BDD3033E}.Debug|Any CPU.Build.0 = Debug|Any CPU
		{86ED93C8-643A-4A79-B922-7387BDD3033E}.Release|Any CPU.ActiveCfg = Release|Any CPU
		{86ED93C8-643A-4A79-B922-7387BDD3033E}.Release|Any CPU.Build.0 = Release|Any CPU
		{5E1CF815-F291-4C6D-B8A3-1130A1AE84AD}.Debug|Any CPU.ActiveCfg = Debug|Any CPU
		{5E1CF815-F291-4C6D-B8A3-1130A1AE84AD}.Debug|Any CPU.Build.0 = Debug|Any CPU
		{5E1CF815-F291-4C6D-B8A3-1130A1AE84AD}.Release|Any CPU.ActiveCfg = Release|Any CPU
		{5E1CF815-F291-4C6D-B8A3-1130A1AE84AD}.Release|Any CPU.Build.0 = Release|Any CPU
	EndGlobalSection
	GlobalSection(SolutionProperties) = preSolution
		HideSolutionNode = FALSE
	EndGlobalSection
	GlobalSection(NestedProjects) = preSolution
		{41320116-4007-4D59-8650-C7DFAC2D48A8} = {D3CC032B-A122-46A9-962E-D293BFA61409}
		{3063B432-61C5-4C5B-BC59-B08EC406DC14} = {D3CC032B-A122-46A9-962E-D293BFA61409}
		{68F6F3D9-B48F-44AB-BB4B-ABAD31315A21} = {D3CC032B-A122-46A9-962E-D293BFA61409}
		{5C2A786B-A9BB-460D-A110-7FC329B29BD3} = {D3CC032B-A122-46A9-962E-D293BFA61409}
		{783CFC87-1C43-4161-B65C-759B7684E720} = {D3CC032B-A122-46A9-962E-D293BFA61409}
		{920E66B7-E4AA-424F-B25D-55AF12A9AB19} = {D3CC032B-A122-46A9-962E-D293BFA61409}
		{C9CE76D3-154D-4A30-A45C-F5AD4D266861} = {529DA26A-AAC0-40EE-BDC3-4F5D57EF8873}
		{6E384532-3776-4163-89FC-AB326E15CF29} = {529DA26A-AAC0-40EE-BDC3-4F5D57EF8873}
		{86ED93C8-643A-4A79-B922-7387BDD3033E} = {529DA26A-AAC0-40EE-BDC3-4F5D57EF8873}
		{5E1CF815-F291-4C6D-B8A3-1130A1AE84AD} = {529DA26A-AAC0-40EE-BDC3-4F5D57EF8873}
	EndGlobalSection
	GlobalSection(ExtensibilityGlobals) = postSolution
		SolutionGuid = {6D799B82-408D-45D7-8450-73E2E7306164}
	EndGlobalSection
EndGlobal
